// !$*UTF8*$!
{
	archiveVersion = 1;
	classes = {
	};
	objectVersion = 46;
	objects = {

/* Begin PBXBuildFile section */
		AB3F660A1C0A720E001FDF12 /* DragImg.swift in Sources */ = {isa = PBXBuildFile; fileRef = AB3F66091C0A720E001FDF12 /* DragImg.swift */; };
		AB6F99531C0D503F000AB140 /* MonsterImg.swift in Sources */ = {isa = PBXBuildFile; fileRef = AB6F99521C0D503F000AB140 /* MonsterImg.swift */; };
		AB7FCE371C0964ED006EEF57 /* AppDelegate.swift in Sources */ = {isa = PBXBuildFile; fileRef = AB7FCE361C0964ED006EEF57 /* AppDelegate.swift */; };
		AB7FCE391C0964ED006EEF57 /* ViewController.swift in Sources */ = {isa = PBXBuildFile; fileRef = AB7FCE381C0964ED006EEF57 /* ViewController.swift */; };
		AB7FCE3C1C0964ED006EEF57 /* Main.storyboard in Resources */ = {isa = PBXBuildFile; fileRef = AB7FCE3A1C0964ED006EEF57 /* Main.storyboard */; };
		AB7FCE3E1C0964ED006EEF57 /* Assets.xcassets in Resources */ = {isa = PBXBuildFile; fileRef = AB7FCE3D1C0964ED006EEF57 /* Assets.xcassets */; };
		AB7FCE411C0964ED006EEF57 /* LaunchScreen.storyboard in Resources */ = {isa = PBXBuildFile; fileRef = AB7FCE3F1C0964ED006EEF57 /* LaunchScreen.storyboard */; };
/* End PBXBuildFile section */

/* Begin PBXFileReference section */
		AB3F66091C0A720E001FDF12 /* DragImg.swift */ = {isa = PBXFileReference; fileEncoding = 4; lastKnownFileType = sourcecode.swift; path = DragImg.swift; sourceTree = "<group>"; };
		AB6F99521C0D503F000AB140 /* MonsterImg.swift */ = {isa = PBXFileReference; fileEncoding = 4; lastKnownFileType = sourcecode.swift; path = MonsterImg.swift; sourceTree = "<group>"; };
		AB7FCE331C0964ED006EEF57 /* MyLittleMonster.app */ = {isa = PBXFileReference; explicitFileType = wrapper.application; includeInIndex = 0; path = MyLittleMonster.app; sourceTree = BUILT_PRODUCTS_DIR; };
		AB7FCE361C0964ED006EEF57 /* AppDelegate.swift */ = {isa = PBXFileReference; lastKnownFileType = sourcecode.swift; path = AppDelegate.swift; sourceTree = "<group>"; };
		AB7FCE381C0964ED006EEF57 /* ViewController.swift */ = {isa = PBXFileReference; lastKnownFileType = sourcecode.swift; path = ViewController.swift; sourceTree = "<group>"; };
		AB7FCE3B1C0964ED006EEF57 /* Base */ = {isa = PBXFileReference; lastKnownFileType = file.storyboard; name = Base; path = Base.lproj/Main.storyboard; sourceTree = "<group>"; };
		AB7FCE3D1C0964ED006EEF57 /* Assets.xcassets */ = {isa = PBXFileReference; lastKnownFileType = folder.assetcatalog; path = Assets.xcassets; sourceTree = "<group>"; };
		AB7FCE401C0964ED006EEF57 /* Base */ = {isa = PBXFileReference; lastKnownFileType = file.storyboard; name = Base; path = Base.lproj/LaunchScreen.storyboard; sourceTree = "<group>"; };
		AB7FCE421C0964ED006EEF57 /* Info.plist */ = {isa = PBXFileReference; lastKnownFileType = text.plist.xml; path = Info.plist; sourceTree = "<group>"; };
/* End PBXFileReference section */

/* Begin PBXFrameworksBuildPhase section */
		AB7FCE301C0964ED006EEF57 /* Frameworks */ = {
			isa = PBXFrameworksBuildPhase;
			buildActionMask = 2147483647;
			files = (
			);
			runOnlyForDeploymentPostprocessing = 0;
		};
/* End PBXFrameworksBuildPhase section */

/* Begin PBXGroup section */
		AB7FCE2A1C0964ED006EEF57 = {
			isa = PBXGroup;
			children = (
				AB7FCE351C0964ED006EEF57 /* MyLittleMonster */,
				AB7FCE341C0964ED006EEF57 /* Products */,
			);
			sourceTree = "<group>";
		};
		AB7FCE341C0964ED006EEF57 /* Products */ = {
			isa = PBXGroup;
			children = (
				AB7FCE331C0964ED006EEF57 /* MyLittleMonster.app */,
			);
			name = Products;
			sourceTree = "<group>";
		};
		AB7FCE351C0964ED006EEF57 /* MyLittleMonster */ = {
			isa = PBXGroup;
			children = (
				AB7FCE361C0964ED006EEF57 /* AppDelegate.swift */,
				AB7FCE381C0964ED006EEF57 /* ViewController.swift */,
				AB7FCE3A1C0964ED006EEF57 /* Main.storyboard */,
				AB7FCE3D1C0964ED006EEF57 /* Assets.xcassets */,
				AB7FCE3F1C0964ED006EEF57 /* LaunchScreen.storyboard */,
				AB7FCE421C0964ED006EEF57 /* Info.plist */,
				AB3F66091C0A720E001FDF12 /* DragImg.swift */,
				AB6F99521C0D503F000AB140 /* MonsterImg.swift */,
			);
			path = MyLittleMonster;
			sourceTree = "<group>";
		};
/* End PBXGroup section */

/* Begin PBXNativeTarget section */
		AB7FCE321C0964ED006EEF57 /* MyLittleMonster */ = {
			isa = PBXNativeTarget;
			buildConfigurationList = AB7FCE451C0964ED006EEF57 /* Build configuration list for PBXNativeTarget "MyLittleMonster" */;
			buildPhases = (
				AB7FCE2F1C0964ED006EEF57 /* Sources */,
				AB7FCE301C0964ED006EEF57 /* Frameworks */,
				AB7FCE311C0964ED006EEF57 /* Resources */,
			);
			buildRules = (
			);
			dependencies = (
			);
			name = MyLittleMonster;
			productName = MyLittleMonster;
			productReference = AB7FCE331C0964ED006EEF57 /* MyLittleMonster.app */;
			productType = "com.apple.product-type.application";
		};
/* End PBXNativeTarget section */

/* Begin PBXProject section */
		AB7FCE2B1C0964ED006EEF57 /* Project object */ = {
			isa = PBXProject;
			attributes = {
				LastSwiftUpdateCheck = 0710;
				LastUpgradeCheck = 0710;
				ORGANIZATIONNAME = "Nicholas Smith";
				TargetAttributes = {
					AB7FCE321C0964ED006EEF57 = {
						CreatedOnToolsVersion = 7.1.1;
					};
				};
			};
			buildConfigurationList = AB7FCE2E1C0964ED006EEF57 /* Build configuration list for PBXProject "MyLittleMonster" */;
			compatibilityVersion = "Xcode 3.2";
			developmentRegion = English;
			hasScannedForEncodings = 0;
			knownRegions = (
				en,
				Base,
			);
			mainGroup = AB7FCE2A1C0964ED006EEF57;
			productRefGroup = AB7FCE341C0964ED006EEF57 /* Products */;
			projectDirPath = "";
			projectRoot = "";
			targets = (
				AB7FCE321C0964ED006EEF57 /* MyLittleMonster */,
			);
		};
/* End PBXProject section */

/* Begin PBXResourcesBuildPhase section */
		AB7FCE311C0964ED006EEF57 /* Resources */ = {
			isa = PBXResourcesBuildPhase;
			buildActionMask = 2147483647;
			files = (
				AB7FCE411C0964ED006EEF57 /* LaunchScreen.storyboard in Resources */,
				AB7FCE3E1C0964ED006EEF57 /* Assets.xcassets in Resources */,
				AB7FCE3C1C0964ED006EEF57 /* Main.storyboard in Resources */,
			);
			runOnlyForDeploymentPostprocessing = 0;
		};
/* End PBXResourcesBuildPhase section */

/* Begin PBXSourcesBuildPhase section */
		AB7FCE2F1C0964ED006EEF57 /* Sources */ = {
			isa = PBXSourcesBuildPhase;
			buildActionMask = 2147483647;
			files = (
				AB6F99531C0D503F000AB140 /* MonsterImg.swift in Sources */,
				AB3F660A1C0A720E001FDF12 /* DragImg.swift in Sources */,
				AB7FCE391C0964ED006EEF57 /* ViewController.swift in Sources */,
				AB7FCE371C0964ED006EEF57 /* AppDelegate.swift in Sources */,
			);
			runOnlyForDeploymentPostprocessing = 0;
		};
/* End PBXSourcesBuildPhase section */

/* Begin PBXVariantGroup section */
		AB7FCE3A1C0964ED006EEF57 /* Main.storyboard */ = {
			isa = PBXVariantGroup;
			children = (
				AB7FCE3B1C0964ED006EEF57 /* Base */,
			);
			name = Main.storyboard;
			sourceTree = "<group>";
		};
		AB7FCE3F1C0964ED006EEF57 /* LaunchScreen.storyboard */ = {
			isa = PBXVariantGroup;
			children = (
				AB7FCE401C0964ED006EEF57 /* Base */,
			);
			name = LaunchScreen.storyboard;
			sourceTree = "<group>";
		};
/* End PBXVariantGroup section */

/* Begin XCBuildConfiguration section */
		AB7FCE431C0964ED006EEF57 /* Debug */ = {
			isa = XCBuildConfiguration;
			buildSettings = {
				ALWAYS_SEARCH_USER_PATHS = NO;
				CLANG_CXX_LANGUAGE_STANDARD = "gnu++0x";
				CLANG_CXX_LIBRARY = "libc++";
				CLANG_ENABLE_MODULES = YES;
				CLANG_ENABLE_OBJC_ARC = YES;
				CLANG_WARN_BOOL_CONVERSION = YES;
				CLANG_WARN_CONSTANT_CONVERSION = YES;
				CLANG_WARN_DIRECT_OBJC_ISA_USAGE = YES_ERROR;
				CLANG_WARN_EMPTY_BODY = YES;
				CLANG_WARN_ENUM_CONVERSION = YES;
				CLANG_WARN_INT_CONVERSION = YES;
				CLANG_WARN_OBJC_ROOT_CLASS = YES_ERROR;
				CLANG_WARN_UNREACHABLE_CODE = YES;
				CLANG_WARN__DUPLICATE_METHOD_MATCH = YES;
				"CODE_SIGN_IDENTITY[sdk=iphoneos*]" = "iPhone Developer";
				COPY_PHASE_STRIP = NO;
				DEBUG_INFORMATION_FORMAT = dwarf;
				ENABLE_STRICT_OBJC_MSGSEND = YES;
				ENABLE_TESTABILITY = YES;
				GCC_C_LANGUAGE_STANDARD = gnu99;
				GCC_DYNAMIC_NO_PIC = NO;
				GCC_NO_COMMON_BLOCKS = YES;
				GCC_OPTIMIZATION_LEVEL = 0;
				GCC_PREPROCESSOR_DEFINITIONS = (
					"DEBUG=1",
					"$(inherited)",
				);
				GCC_WARN_64_TO_32_BIT_CONVERSION = YES;
				GCC_WARN_ABOUT_RETURN_TYPE = YES_ERROR;
				GCC_WARN_UNDECLARED_SELECTOR = YES;
				GCC_WARN_UNINITIALIZED_AUTOS = YES_AGGRESSIVE;
				GCC_WARN_UNUSED_FUNCTION = YES;
				GCC_WARN_UNUSED_VARIABLE = YES;
				IPHONEOS_DEPLOYMENT_TARGET = 9.1;
				MTL_ENABLE_DEBUG_INFO = YES;
				ONLY_ACTIVE_ARCH = YES;
				SDKROOT = iphoneos;
				SWIFT_OPTIMIZATION_LEVEL = "-Onone";
			};
			name = Debug;
		};
		AB7FCE441C0964ED006EEF57 /* Release */ = {
			isa = XCBuildConfiguration;
			buildSettings = {
				ALWAYS_SEARCH_USER_PATHS = NO;
				CLANG_CXX_LANGUAGE_STANDARD = "gnu++0x";
				CLANG_CXX_LIBRARY = "libc++";
				CLANG_ENABLE_MODULES = YES;
				CLANG_ENABLE_OBJC_ARC = YES;
				CLANG_WARN_BOOL_CONVERSION = YES;
				CLANG_WARN_CONSTANT_CONVERSION = YES;
				CLANG_WARN_DIRECT_OBJC_ISA_USAGE = YES_ERROR;
				CLANG_WARN_EMPTY_BODY = YES;
				CLANG_WARN_ENUM_CONVERSION = YES;
				CLANG_WARN_INT_CONVERSION = YES;
				CLANG_WARN_OBJC_ROOT_CLASS = YES_ERROR;
				CLANG_WARN_UNREACHABLE_CODE = YES;
				CLANG_WARN__DUPLICATE_METHOD_MATCH = YES;
				"CODE_SIGN_IDENTITY[sdk=iphoneos*]" = "iPhone Developer";
				COPY_PHASE_STRIP = NO;
				DEBUG_INFORMATION_FORMAT = "dwarf-with-dsym";
				ENABLE_NS_ASSERTIONS = NO;
				ENABLE_STRICT_OBJC_MSGSEND = YES;
				GCC_C_LANGUAGE_STANDARD = gnu99;
				GCC_NO_COMMON_BLOCKS = YES;
				GCC_WARN_64_TO_32_BIT_CONVERSION = YES;
				GCC_WARN_ABOUT_RETURN_TYPE = YES_ERROR;
				GCC_WARN_UNDECLARED_SELECTOR = YES;
				GCC_WARN_UNINITIALIZED_AUTOS = YES_AGGRESSIVE;
				GCC_WARN_UNUSED_FUNCTION = YES;
				GCC_WARN_UNUSED_VARIABLE = YES;
				IPHONEOS_DEPLOYMENT_TARGET = 9.1;
				MTL_ENABLE_DEBUG_INFO = NO;
				SDKROOT = iphoneos;
				VALIDATE_PRODUCT = YES;
			};
			name = Release;
		};
		AB7FCE461C0964ED006EEF57 /* Debug */ = {
			isa = XCBuildConfiguration;
			buildSettings = {
				ASSETCATALOG_COMPILER_APPICON_NAME = AppIcon;
				INFOPLIST_FILE = MyLittleMonster/Info.plist;
				LD_RUNPATH_SEARCH_PATHS = "$(inherited) @executable_path/Frameworks";
				PRODUCT_BUNDLE_IDENTIFIER = com.nicholaspsmith.MyLittleMonster;
				PRODUCT_NAME = "$(TARGET_NAME)";
				TARGETED_DEVICE_FAMILY = 1;
			};
			name = Debug;
		};
		AB7FCE471C0964ED006EEF57 /* Release */ = {
			isa = XCBuildConfiguration;
			buildSettings = {
				ASSETCATALOG_COMPILER_APPICON_NAME = AppIcon;
				INFOPLIST_FILE = MyLittleMonster/Info.plist;
				LD_RUNPATH_SEARCH_PATHS = "$(inherited) @executable_path/Frameworks";
				PRODUCT_BUNDLE_IDENTIFIER = com.nicholaspsmith.MyLittleMonster;
				PRODUCT_NAME = "$(TARGET_NAME)";
				TARGETED_DEVICE_FAMILY = 1;
			};
			name = Release;
		};
/* End XCBuildConfiguration section */

/* Begin XCConfigurationList section */
		AB7FCE2E1C0964ED006EEF57 /* Build configuration list for PBXProject "MyLittleMonster" */ = {
			isa = XCConfigurationList;
			buildConfigurations = (
				AB7FCE431C0964ED006EEF57 /* Debug */,
				AB7FCE441C0964ED006EEF57 /* Release */,
			);
			defaultConfigurationIsVisible = 0;
			defaultConfigurationName = Release;
		};
		AB7FCE451C0964ED006EEF57 /* Build configuration list for PBXNativeTarget "MyLittleMonster" */ = {
			isa = XCConfigurationList;
			buildConfigurations = (
				AB7FCE461C0964ED006EEF57 /* Debug */,
				AB7FCE471C0964ED006EEF57 /* Release */,
			);
			defaultConfigurationIsVisible = 0;
			defaultConfigurationName = Release;
		};
/* End XCConfigurationList section */
	};
	rootObject = AB7FCE2B1C0964ED006EEF57 /* Project object */;
}
